# This file is autogenerated, do not edit; changes may be undone by the next 'dep ensure'.


[[projects]]
  branch = "master"
  digest = "1:6dbb2bbc7e6333e691c4d82fd86485f0695a35902fbb9b2df5f72e22ab0040f3"
  name = "github.com/cloudflare/golibs"
  packages = ["lrucache"]
  pruneopts = "UT"
  revision = "333127dbecfcc23a8db7d9a4f52785d23aff44a1"

[[projects]]
  digest = "1:ffe9824d294da03b391f44e1ae8281281b4afc1bdaa9588c9097785e3af10cec"
  name = "github.com/davecgh/go-spew"
  packages = ["spew"]
  pruneopts = "UT"
  revision = "8991bc29aa16c548c550c7ff78260e27b9ab7c73"
  version = "v1.1.1"

[[projects]]
  branch = "master"
  digest = "1:844e632c10ba1553dd6fbb6521e1ac3ca9bee75a9d39369ba2d492fdfa2719d9"
  name = "github.com/duosecurity/duo_api_golang"
  packages = [
    ".",
    "authapi",
  ]
  pruneopts = "UT"
  revision = "61e0defebf22863592a27013b399685d0def12b6"

[[projects]]
  digest = "1:2b7b174ae68705866555b73fd848de0749b93b1f99e3295e27f89bebe8702203"
  name = "github.com/elazarl/goproxy"
  packages = ["."]
  pruneopts = "UT"
  revision = "947c36da3153ff334e74d9d980de341d25f358ba"
  version = "v1.1"

[[projects]]
  digest = "1:0028cb19b2e4c3112225cd871870f2d9cf49b9b4276531f03438a88e94be86fe"
  name = "github.com/pmezard/go-difflib"
  packages = ["difflib"]
  pruneopts = "UT"
  revision = "792786c7400a136282c1664665ae0a8db921c6c2"
  version = "v1.0.0"

[[projects]]
  digest = "1:18752d0b95816a1b777505a97f71c7467a8445b8ffb55631a7bf779f6ba4fa83"
  name = "github.com/stretchr/testify"
  packages = ["assert"]
  pruneopts = "UT"
  revision = "f35b8ab0b5a2cef36673838d662e249dd9c94686"
  version = "v1.2.2"

[solve-meta]
  analyzer-name = "dep"
  analyzer-version = 1
  input-imports = [
    "github.com/cloudflare/golibs/lrucache",
    "github.com/duosecurity/duo_api_golang",
    "github.com/duosecurity/duo_api_golang/authapi",
    "github.com/elazarl/goproxy",
    "github.com/stretchr/testify/assert",
  ]
  solver-name = "gps-cdcl"
  solver-version = 1
